// !$*UTF8*$!
{
	archiveVersion = 1;
	classes = {
	};
	objectVersion = 55;
	objects = {

/* Begin PBXBuildFile section */
		630237A528A7ACE600F15A6A /* RecipeTabView.swift in Sources */ = {isa = PBXBuildFile; fileRef = 630237A428A7ACE600F15A6A /* RecipeTabView.swift */; };
		63CDCF1F28A285150056268B /* RecipeListApp.swift in Sources */ = {isa = PBXBuildFile; fileRef = 63CDCF1E28A285150056268B /* RecipeListApp.swift */; };
		63CDCF2128A285150056268B /* RecipeListView.swift in Sources */ = {isa = PBXBuildFile; fileRef = 63CDCF2028A285150056268B /* RecipeListView.swift */; };
		63CDCF2328A285150056268B /* Assets.xcassets in Resources */ = {isa = PBXBuildFile; fileRef = 63CDCF2228A285150056268B /* Assets.xcassets */; };
		63CDCF2628A285150056268B /* Preview Assets.xcassets in Resources */ = {isa = PBXBuildFile; fileRef = 63CDCF2528A285150056268B /* Preview Assets.xcassets */; };
		63CDCF3028A285150056268B /* RecipeListTests.swift in Sources */ = {isa = PBXBuildFile; fileRef = 63CDCF2F28A285150056268B /* RecipeListTests.swift */; };
		63CDCF3A28A285150056268B /* RecipeListUITests.swift in Sources */ = {isa = PBXBuildFile; fileRef = 63CDCF3928A285150056268B /* RecipeListUITests.swift */; };
		63CDCF3C28A285150056268B /* RecipeListUITestsLaunchTests.swift in Sources */ = {isa = PBXBuildFile; fileRef = 63CDCF3B28A285150056268B /* RecipeListUITestsLaunchTests.swift */; };
		63CDCF4E28A286CE0056268B /* recipes.json in Resources */ = {isa = PBXBuildFile; fileRef = 63CDCF4D28A286CE0056268B /* recipes.json */; };
		63CDCF5028A288E10056268B /* Recipe.swift in Sources */ = {isa = PBXBuildFile; fileRef = 63CDCF4F28A288E10056268B /* Recipe.swift */; };
		63CDCF5228A28A020056268B /* RecipeModel.swift in Sources */ = {isa = PBXBuildFile; fileRef = 63CDCF5128A28A020056268B /* RecipeModel.swift */; };
		63CDCF5428A28B370056268B /* DataService.swift in Sources */ = {isa = PBXBuildFile; fileRef = 63CDCF5328A28B370056268B /* DataService.swift */; };
		63E1E52928A3BF4500F62015 /* RecipeDetailView.swift in Sources */ = {isa = PBXBuildFile; fileRef = 63E1E52828A3BF4500F62015 /* RecipeDetailView.swift */; };
/* End PBXBuildFile section */

/* Begin PBXContainerItemProxy section */
		63CDCF2C28A285150056268B /* PBXContainerItemProxy */ = {
			isa = PBXContainerItemProxy;
			containerPortal = 63CDCF1328A285150056268B /* Project object */;
			proxyType = 1;
			remoteGlobalIDString = 63CDCF1A28A285150056268B;
			remoteInfo = RecipeList;
		};
		63CDCF3628A285150056268B /* PBXContainerItemProxy */ = {
			isa = PBXContainerItemProxy;
			containerPortal = 63CDCF1328A285150056268B /* Project object */;
			proxyType = 1;
			remoteGlobalIDString = 63CDCF1A28A285150056268B;
			remoteInfo = RecipeList;
		};
/* End PBXContainerItemProxy section */

/* Begin PBXFileReference section */
		630237A428A7ACE600F15A6A /* RecipeTabView.swift */ = {isa = PBXFileReference; lastKnownFileType = sourcecode.swift; path = RecipeTabView.swift; sourceTree = "<group>"; };
		63CDCF1B28A285150056268B /* RecipeList.app */ = {isa = PBXFileReference; explicitFileType = wrapper.application; includeInIndex = 0; path = RecipeList.app; sourceTree = BUILT_PRODUCTS_DIR; };
		63CDCF1E28A285150056268B /* RecipeListApp.swift */ = {isa = PBXFileReference; lastKnownFileType = sourcecode.swift; path = RecipeListApp.swift; sourceTree = "<group>"; };
		63CDCF2028A285150056268B /* RecipeListView.swift */ = {isa = PBXFileReference; lastKnownFileType = sourcecode.swift; path = RecipeListView.swift; sourceTree = "<group>"; };
		63CDCF2228A285150056268B /* Assets.xcassets */ = {isa = PBXFileReference; lastKnownFileType = folder.assetcatalog; path = Assets.xcassets; sourceTree = "<group>"; };
		63CDCF2528A285150056268B /* Preview Assets.xcassets */ = {isa = PBXFileReference; lastKnownFileType = folder.assetcatalog; path = "Preview Assets.xcassets"; sourceTree = "<group>"; };
		63CDCF2B28A285150056268B /* RecipeListTests.xctest */ = {isa = PBXFileReference; explicitFileType = wrapper.cfbundle; includeInIndex = 0; path = RecipeListTests.xctest; sourceTree = BUILT_PRODUCTS_DIR; };
		63CDCF2F28A285150056268B /* RecipeListTests.swift */ = {isa = PBXFileReference; lastKnownFileType = sourcecode.swift; path = RecipeListTests.swift; sourceTree = "<group>"; };
		63CDCF3528A285150056268B /* RecipeListUITests.xctest */ = {isa = PBXFileReference; explicitFileType = wrapper.cfbundle; includeInIndex = 0; path = RecipeListUITests.xctest; sourceTree = BUILT_PRODUCTS_DIR; };
		63CDCF3928A285150056268B /* RecipeListUITests.swift */ = {isa = PBXFileReference; lastKnownFileType = sourcecode.swift; path = RecipeListUITests.swift; sourceTree = "<group>"; };
		63CDCF3B28A285150056268B /* RecipeListUITestsLaunchTests.swift */ = {isa = PBXFileReference; lastKnownFileType = sourcecode.swift; path = RecipeListUITestsLaunchTests.swift; sourceTree = "<group>"; };
		63CDCF4D28A286CE0056268B /* recipes.json */ = {isa = PBXFileReference; fileEncoding = 4; lastKnownFileType = text.json; path = recipes.json; sourceTree = "<group>"; };
		63CDCF4F28A288E10056268B /* Recipe.swift */ = {isa = PBXFileReference; lastKnownFileType = sourcecode.swift; path = Recipe.swift; sourceTree = "<group>"; };
		63CDCF5128A28A020056268B /* RecipeModel.swift */ = {isa = PBXFileReference; lastKnownFileType = sourcecode.swift; path = RecipeModel.swift; sourceTree = "<group>"; };
		63CDCF5328A28B370056268B /* DataService.swift */ = {isa = PBXFileReference; lastKnownFileType = sourcecode.swift; path = DataService.swift; sourceTree = "<group>"; };
		63E1E52828A3BF4500F62015 /* RecipeDetailView.swift */ = {isa = PBXFileReference; lastKnownFileType = sourcecode.swift; path = RecipeDetailView.swift; sourceTree = "<group>"; };
/* End PBXFileReference section */

/* Begin PBXFrameworksBuildPhase section */
		63CDCF1828A285150056268B /* Frameworks */ = {
			isa = PBXFrameworksBuildPhase;
			buildActionMask = 2147483647;
			files = (
			);
			runOnlyForDeploymentPostprocessing = 0;
		};
		63CDCF2828A285150056268B /* Frameworks */ = {
			isa = PBXFrameworksBuildPhase;
			buildActionMask = 2147483647;
			files = (
			);
			runOnlyForDeploymentPostprocessing = 0;
		};
		63CDCF3228A285150056268B /* Frameworks */ = {
			isa = PBXFrameworksBuildPhase;
			buildActionMask = 2147483647;
			files = (
			);
			runOnlyForDeploymentPostprocessing = 0;
		};
/* End PBXFrameworksBuildPhase section */

/* Begin PBXGroup section */
		63CDCF1228A285150056268B = {
			isa = PBXGroup;
			children = (
				63CDCF1D28A285150056268B /* RecipeList */,
				63CDCF2E28A285150056268B /* RecipeListTests */,
				63CDCF3828A285150056268B /* RecipeListUITests */,
				63CDCF1C28A285150056268B /* Products */,
			);
			sourceTree = "<group>";
		};
		63CDCF1C28A285150056268B /* Products */ = {
			isa = PBXGroup;
			children = (
				63CDCF1B28A285150056268B /* RecipeList.app */,
				63CDCF2B28A285150056268B /* RecipeListTests.xctest */,
				63CDCF3528A285150056268B /* RecipeListUITests.xctest */,
			);
			name = Products;
			sourceTree = "<group>";
		};
		63CDCF1D28A285150056268B /* RecipeList */ = {
			isa = PBXGroup;
			children = (
				63CDCF1E28A285150056268B /* RecipeListApp.swift */,
				63CDCF4B28A285690056268B /* Data */,
				63CDCF4C28A2856D0056268B /* Services */,
				63CDCF4A28A2855B0056268B /* Models */,
				63CDCF4928A285520056268B /* ViewModels */,
				63CDCF4828A2854D0056268B /* Views */,
				63CDCF2228A285150056268B /* Assets.xcassets */,
				63CDCF2428A285150056268B /* Preview Content */,
			);
			path = RecipeList;
			sourceTree = "<group>";
		};
		63CDCF2428A285150056268B /* Preview Content */ = {
			isa = PBXGroup;
			children = (
				63CDCF2528A285150056268B /* Preview Assets.xcassets */,
			);
			path = "Preview Content";
			sourceTree = "<group>";
		};
		63CDCF2E28A285150056268B /* RecipeListTests */ = {
			isa = PBXGroup;
			children = (
				63CDCF2F28A285150056268B /* RecipeListTests.swift */,
			);
			path = RecipeListTests;
			sourceTree = "<group>";
		};
		63CDCF3828A285150056268B /* RecipeListUITests */ = {
			isa = PBXGroup;
			children = (
				63CDCF3928A285150056268B /* RecipeListUITests.swift */,
				63CDCF3B28A285150056268B /* RecipeListUITestsLaunchTests.swift */,
			);
			path = RecipeListUITests;
			sourceTree = "<group>";
		};
		63CDCF4828A2854D0056268B /* Views */ = {
			isa = PBXGroup;
			children = (
				63CDCF2028A285150056268B /* RecipeListView.swift */,
				630237A428A7ACE600F15A6A /* RecipeTabView.swift */,
				63E1E52828A3BF4500F62015 /* RecipeDetailView.swift */,
			);
			path = Views;
			sourceTree = "<group>";
		};
		63CDCF4928A285520056268B /* ViewModels */ = {
			isa = PBXGroup;
			children = (
				63CDCF5128A28A020056268B /* RecipeModel.swift */,
			);
			path = ViewModels;
			sourceTree = "<group>";
		};
		63CDCF4A28A2855B0056268B /* Models */ = {
			isa = PBXGroup;
			children = (
				63CDCF4F28A288E10056268B /* Recipe.swift */,
			);
			path = Models;
			sourceTree = "<group>";
		};
		63CDCF4B28A285690056268B /* Data */ = {
			isa = PBXGroup;
			children = (
				63CDCF4D28A286CE0056268B /* recipes.json */,
			);
			path = Data;
			sourceTree = "<group>";
		};
		63CDCF4C28A2856D0056268B /* Services */ = {
			isa = PBXGroup;
			children = (
				63CDCF5328A28B370056268B /* DataService.swift */,
			);
			path = Services;
			sourceTree = "<group>";
		};
/* End PBXGroup section */

/* Begin PBXNativeTarget section */
		63CDCF1A28A285150056268B /* RecipeList */ = {
			isa = PBXNativeTarget;
			buildConfigurationList = 63CDCF3F28A285150056268B /* Build configuration list for PBXNativeTarget "RecipeList" */;
			buildPhases = (
				63CDCF1728A285150056268B /* Sources */,
				63CDCF1828A285150056268B /* Frameworks */,
				63CDCF1928A285150056268B /* Resources */,
			);
			buildRules = (
			);
			dependencies = (
			);
			name = RecipeList;
			productName = RecipeList;
			productReference = 63CDCF1B28A285150056268B /* RecipeList.app */;
			productType = "com.apple.product-type.application";
		};
		63CDCF2A28A285150056268B /* RecipeListTests */ = {
			isa = PBXNativeTarget;
			buildConfigurationList = 63CDCF4228A285150056268B /* Build configuration list for PBXNativeTarget "RecipeListTests" */;
			buildPhases = (
				63CDCF2728A285150056268B /* Sources */,
				63CDCF2828A285150056268B /* Frameworks */,
				63CDCF2928A285150056268B /* Resources */,
			);
			buildRules = (
			);
			dependencies = (
				63CDCF2D28A285150056268B /* PBXTargetDependency */,
			);
			name = RecipeListTests;
			productName = RecipeListTests;
			productReference = 63CDCF2B28A285150056268B /* RecipeListTests.xctest */;
			productType = "com.apple.product-type.bundle.unit-test";
		};
		63CDCF3428A285150056268B /* RecipeListUITests */ = {
			isa = PBXNativeTarget;
			buildConfigurationList = 63CDCF4528A285150056268B /* Build configuration list for PBXNativeTarget "RecipeListUITests" */;
			buildPhases = (
				63CDCF3128A285150056268B /* Sources */,
				63CDCF3228A285150056268B /* Frameworks */,
				63CDCF3328A285150056268B /* Resources */,
			);
			buildRules = (
			);
			dependencies = (
				63CDCF3728A285150056268B /* PBXTargetDependency */,
			);
			name = RecipeListUITests;
			productName = RecipeListUITests;
			productReference = 63CDCF3528A285150056268B /* RecipeListUITests.xctest */;
			productType = "com.apple.product-type.bundle.ui-testing";
		};
/* End PBXNativeTarget section */

/* Begin PBXProject section */
		63CDCF1328A285150056268B /* Project object */ = {
			isa = PBXProject;
			attributes = {
				BuildIndependentTargetsInParallel = 1;
				LastSwiftUpdateCheck = 1340;
				LastUpgradeCheck = 1340;
				TargetAttributes = {
					63CDCF1A28A285150056268B = {
						CreatedOnToolsVersion = 13.4.1;
					};
					63CDCF2A28A285150056268B = {
						CreatedOnToolsVersion = 13.4.1;
						TestTargetID = 63CDCF1A28A285150056268B;
					};
					63CDCF3428A285150056268B = {
						CreatedOnToolsVersion = 13.4.1;
						TestTargetID = 63CDCF1A28A285150056268B;
					};
				};
			};
			buildConfigurationList = 63CDCF1628A285150056268B /* Build configuration list for PBXProject "RecipeList" */;
			compatibilityVersion = "Xcode 13.0";
			developmentRegion = en;
			hasScannedForEncodings = 0;
			knownRegions = (
				en,
				Base,
			);
			mainGroup = 63CDCF1228A285150056268B;
			productRefGroup = 63CDCF1C28A285150056268B /* Products */;
			projectDirPath = "";
			projectRoot = "";
			targets = (
				63CDCF1A28A285150056268B /* RecipeList */,
				63CDCF2A28A285150056268B /* RecipeListTests */,
				63CDCF3428A285150056268B /* RecipeListUITests */,
			);
		};
/* End PBXProject section */

/* Begin PBXResourcesBuildPhase section */
		63CDCF1928A285150056268B /* Resources */ = {
			isa = PBXResourcesBuildPhase;
			buildActionMask = 2147483647;
			files = (
				63CDCF2628A285150056268B /* Preview Assets.xcassets in Resources */,
				63CDCF4E28A286CE0056268B /* recipes.json in Resources */,
				63CDCF2328A285150056268B /* Assets.xcassets in Resources */,
			);
			runOnlyForDeploymentPostprocessing = 0;
		};
		63CDCF2928A285150056268B /* Resources */ = {
			isa = PBXResourcesBuildPhase;
			buildActionMask = 2147483647;
			files = (
			);
			runOnlyForDeploymentPostprocessing = 0;
		};
		63CDCF3328A285150056268B /* Resources */ = {
			isa = PBXResourcesBuildPhase;
			buildActionMask = 2147483647;
			files = (
			);
			runOnlyForDeploymentPostprocessing = 0;
		};
/* End PBXResourcesBuildPhase section */

/* Begin PBXSourcesBuildPhase section */
		63CDCF1728A285150056268B /* Sources */ = {
			isa = PBXSourcesBuildPhase;
			buildActionMask = 2147483647;
			files = (
				63CDCF5028A288E10056268B /* Recipe.swift in Sources */,
				63E1E52928A3BF4500F62015 /* RecipeDetailView.swift in Sources */,
				63CDCF5228A28A020056268B /* RecipeModel.swift in Sources */,
				63CDCF2128A285150056268B /* RecipeListView.swift in Sources */,
				63CDCF1F28A285150056268B /* RecipeListApp.swift in Sources */,
				63CDCF5428A28B370056268B /* DataService.swift in Sources */,
				630237A528A7ACE600F15A6A /* RecipeTabView.swift in Sources */,
			);
			runOnlyForDeploymentPostprocessing = 0;
		};
		63CDCF2728A285150056268B /* Sources */ = {
			isa = PBXSourcesBuildPhase;
			buildActionMask = 2147483647;
			files = (
				63CDCF3028A285150056268B /* RecipeListTests.swift in Sources */,
			);
			runOnlyForDeploymentPostprocessing = 0;
		};
		63CDCF3128A285150056268B /* Sources */ = {
			isa = PBXSourcesBuildPhase;
			buildActionMask = 2147483647;
			files = (
				63CDCF3C28A285150056268B /* RecipeListUITestsLaunchTests.swift in Sources */,
				63CDCF3A28A285150056268B /* RecipeListUITests.swift in Sources */,
			);
			runOnlyForDeploymentPostprocessing = 0;
		};
/* End PBXSourcesBuildPhase section */

/* Begin PBXTargetDependency section */
		63CDCF2D28A285150056268B /* PBXTargetDependency */ = {
			isa = PBXTargetDependency;
			target = 63CDCF1A28A285150056268B /* RecipeList */;
			targetProxy = 63CDCF2C28A285150056268B /* PBXContainerItemProxy */;
		};
		63CDCF3728A285150056268B /* PBXTargetDependency */ = {
			isa = PBXTargetDependency;
			target = 63CDCF1A28A285150056268B /* RecipeList */;
			targetProxy = 63CDCF3628A285150056268B /* PBXContainerItemProxy */;
		};
/* End PBXTargetDependency section */

/* Begin XCBuildConfiguration section */
		63CDCF3D28A285150056268B /* Debug */ = {
			isa = XCBuildConfiguration;
			buildSettings = {
				ALWAYS_SEARCH_USER_PATHS = NO;
				CLANG_ANALYZER_NONNULL = YES;
				CLANG_ANALYZER_NUMBER_OBJECT_CONVERSION = YES_AGGRESSIVE;
				CLANG_CXX_LANGUAGE_STANDARD = "gnu++17";
				CLANG_ENABLE_MODULES = YES;
				CLANG_ENABLE_OBJC_ARC = YES;
				CLANG_ENABLE_OBJC_WEAK = YES;
				CLANG_WARN_BLOCK_CAPTURE_AUTORELEASING = YES;
				CLANG_WARN_BOOL_CONVERSION = YES;
				CLANG_WARN_COMMA = YES;
				CLANG_WARN_CONSTANT_CONVERSION = YES;
				CLANG_WARN_DEPRECATED_OBJC_IMPLEMENTATIONS = YES;
				CLANG_WARN_DIRECT_OBJC_ISA_USAGE = YES_ERROR;
				CLANG_WARN_DOCUMENTATION_COMMENTS = YES;
				CLANG_WARN_EMPTY_BODY = YES;
				CLANG_WARN_ENUM_CONVERSION = YES;
				CLANG_WARN_INFINITE_RECURSION = YES;
				CLANG_WARN_INT_CONVERSION = YES;
				CLANG_WARN_NON_LITERAL_NULL_CONVERSION = YES;
				CLANG_WARN_OBJC_IMPLICIT_RETAIN_SELF = YES;
				CLANG_WARN_OBJC_LITERAL_CONVERSION = YES;
				CLANG_WARN_OBJC_ROOT_CLASS = YES_ERROR;
				CLANG_WARN_QUOTED_INCLUDE_IN_FRAMEWORK_HEADER = YES;
				CLANG_WARN_RANGE_LOOP_ANALYSIS = YES;
				CLANG_WARN_STRICT_PROTOTYPES = YES;
				CLANG_WARN_SUSPICIOUS_MOVE = YES;
				CLANG_WARN_UNGUARDED_AVAILABILITY = YES_AGGRESSIVE;
				CLANG_WARN_UNREACHABLE_CODE = YES;
				CLANG_WARN__DUPLICATE_METHOD_MATCH = YES;
				COPY_PHASE_STRIP = NO;
				DEBUG_INFORMATION_FORMAT = dwarf;
				ENABLE_STRICT_OBJC_MSGSEND = YES;
				ENABLE_TESTABILITY = YES;
				GCC_C_LANGUAGE_STANDARD = gnu11;
				GCC_DYNAMIC_NO_PIC = NO;
				GCC_NO_COMMON_BLOCKS = YES;
				GCC_OPTIMIZATION_LEVEL = 0;
				GCC_PREPROCESSOR_DEFINITIONS = (
					"DEBUG=1",
					"$(inherited)",
				);
				GCC_WARN_64_TO_32_BIT_CONVERSION = YES;
				GCC_WARN_ABOUT_RETURN_TYPE = YES_ERROR;
				GCC_WARN_UNDECLARED_SELECTOR = YES;
				GCC_WARN_UNINITIALIZED_AUTOS = YES_AGGRESSIVE;
				GCC_WARN_UNUSED_FUNCTION = YES;
				GCC_WARN_UNUSED_VARIABLE = YES;
				IPHONEOS_DEPLOYMENT_TARGET = 15.5;
				MTL_ENABLE_DEBUG_INFO = INCLUDE_SOURCE;
				MTL_FAST_MATH = YES;
				ONLY_ACTIVE_ARCH = YES;
				SDKROOT = iphoneos;
				SWIFT_ACTIVE_COMPILATION_CONDITIONS = DEBUG;
				SWIFT_OPTIMIZATION_LEVEL = "-Onone";
			};
			name = Debug;
		};
		63CDCF3E28A285150056268B /* Release */ = {
			isa = XCBuildConfiguration;
			buildSettings = {
				ALWAYS_SEARCH_USER_PATHS = NO;
				CLANG_ANALYZER_NONNULL = YES;
				CLANG_ANALYZER_NUMBER_OBJECT_CONVERSION = YES_AGGRESSIVE;
				CLANG_CXX_LANGUAGE_STANDARD = "gnu++17";
				CLANG_ENABLE_MODULES = YES;
				CLANG_ENABLE_OBJC_ARC = YES;
				CLANG_ENABLE_OBJC_WEAK = YES;
				CLANG_WARN_BLOCK_CAPTURE_AUTORELEASING = YES;
				CLANG_WARN_BOOL_CONVERSION = YES;
				CLANG_WARN_COMMA = YES;
				CLANG_WARN_CONSTANT_CONVERSION = YES;
				CLANG_WARN_DEPRECATED_OBJC_IMPLEMENTATIONS = YES;
				CLANG_WARN_DIRECT_OBJC_ISA_USAGE = YES_ERROR;
				CLANG_WARN_DOCUMENTATION_COMMENTS = YES;
				CLANG_WARN_EMPTY_BODY = YES;
				CLANG_WARN_ENUM_CONVERSION = YES;
				CLANG_WARN_INFINITE_RECURSION = YES;
				CLANG_WARN_INT_CONVERSION = YES;
				CLANG_WARN_NON_LITERAL_NULL_CONVERSION = YES;
				CLANG_WARN_OBJC_IMPLICIT_RETAIN_SELF = YES;
				CLANG_WARN_OBJC_LITERAL_CONVERSION = YES;
				CLANG_WARN_OBJC_ROOT_CLASS = YES_ERROR;
				CLANG_WARN_QUOTED_INCLUDE_IN_FRAMEWORK_HEADER = YES;
				CLANG_WARN_RANGE_LOOP_ANALYSIS = YES;
				CLANG_WARN_STRICT_PROTOTYPES = YES;
				CLANG_WARN_SUSPICIOUS_MOVE = YES;
				CLANG_WARN_UNGUARDED_AVAILABILITY = YES_AGGRESSIVE;
				CLANG_WARN_UNREACHABLE_CODE = YES;
				CLANG_WARN__DUPLICATE_METHOD_MATCH = YES;
				COPY_PHASE_STRIP = NO;
				DEBUG_INFORMATION_FORMAT = "dwarf-with-dsym";
				ENABLE_NS_ASSERTIONS = NO;
				ENABLE_STRICT_OBJC_MSGSEND = YES;
				GCC_C_LANGUAGE_STANDARD = gnu11;
				GCC_NO_COMMON_BLOCKS = YES;
				GCC_WARN_64_TO_32_BIT_CONVERSION = YES;
				GCC_WARN_ABOUT_RETURN_TYPE = YES_ERROR;
				GCC_WARN_UNDECLARED_SELECTOR = YES;
				GCC_WARN_UNINITIALIZED_AUTOS = YES_AGGRESSIVE;
				GCC_WARN_UNUSED_FUNCTION = YES;
				GCC_WARN_UNUSED_VARIABLE = YES;
				IPHONEOS_DEPLOYMENT_TARGET = 15.5;
				MTL_ENABLE_DEBUG_INFO = NO;
				MTL_FAST_MATH = YES;
				SDKROOT = iphoneos;
				SWIFT_COMPILATION_MODE = wholemodule;
				SWIFT_OPTIMIZATION_LEVEL = "-O";
				VALIDATE_PRODUCT = YES;
			};
			name = Release;
		};
		63CDCF4028A285150056268B /* Debug */ = {
			isa = XCBuildConfiguration;
			buildSettings = {
				ASSETCATALOG_COMPILER_APPICON_NAME = AppIcon;
				ASSETCATALOG_COMPILER_GLOBAL_ACCENT_COLOR_NAME = AccentColor;
				CODE_SIGN_STYLE = Automatic;
				CURRENT_PROJECT_VERSION = 1;
				DEVELOPMENT_ASSET_PATHS = "\"RecipeList/Preview Content\"";
				DEVELOPMENT_TEAM = P5LM23L9KQ;
				ENABLE_PREVIEWS = YES;
				GENERATE_INFOPLIST_FILE = YES;
				INFOPLIST_KEY_UIApplicationSceneManifest_Generation = YES;
				INFOPLIST_KEY_UIApplicationSupportsIndirectInputEvents = YES;
				INFOPLIST_KEY_UILaunchScreen_Generation = YES;
				INFOPLIST_KEY_UISupportedInterfaceOrientations_iPad = "UIInterfaceOrientationPortrait UIInterfaceOrientationPortraitUpsideDown UIInterfaceOrientationLandscapeLeft UIInterfaceOrientationLandscapeRight";
				INFOPLIST_KEY_UISupportedInterfaceOrientations_iPhone = "UIInterfaceOrientationPortrait UIInterfaceOrientationLandscapeLeft UIInterfaceOrientationLandscapeRight";
				LD_RUNPATH_SEARCH_PATHS = (
					"$(inherited)",
					"@executable_path/Frameworks",
				);
				MARKETING_VERSION = 1.0;
				PRODUCT_BUNDLE_IDENTIFIER = com.scottmcnally.RecipeList;
				PRODUCT_NAME = "$(TARGET_NAME)";
				SWIFT_EMIT_LOC_STRINGS = YES;
				SWIFT_VERSION = 5.0;
				TARGETED_DEVICE_FAMILY = "1,2";
			};
			name = Debug;
		};
		63CDCF4128A285150056268B /* Release */ = {
			isa = XCBuildConfiguration;
			buildSettings = {
				ASSETCATALOG_COMPILER_APPICON_NAME = AppIcon;
				ASSETCATALOG_COMPILER_GLOBAL_ACCENT_COLOR_NAME = AccentColor;
				CODE_SIGN_STYLE = Automatic;
				CURRENT_PROJECT_VERSION = 1;
				DEVELOPMENT_ASSET_PATHS = "\"RecipeList/Preview Content\"";
				DEVELOPMENT_TEAM = P5LM23L9KQ;
				ENABLE_PREVIEWS = YES;
				GENERATE_INFOPLIST_FILE = YES;
				INFOPLIST_KEY_UIApplicationSceneManifest_Generation = YES;
				INFOPLIST_KEY_UIApplicationSupportsIndirectInputEvents = YES;
				INFOPLIST_KEY_UILaunchScreen_Generation = YES;
				INFOPLIST_KEY_UISupportedInterfaceOrientations_iPad = "UIInterfaceOrientationPortrait UIInterfaceOrientationPortraitUpsideDown UIInterfaceOrientationLandscapeLeft UIInterfaceOrientationLandscapeRight";
				INFOPLIST_KEY_UISupportedInterfaceOrientations_iPhone = "UIInterfaceOrientationPortrait UIInterfaceOrientationLandscapeLeft UIInterfaceOrientationLandscapeRight";
				LD_RUNPATH_SEARCH_PATHS = (
					"$(inherited)",
					"@executable_path/Frameworks",
				);
				MARKETING_VERSION = 1.0;
				PRODUCT_BUNDLE_IDENTIFIER = com.scottmcnally.RecipeList;
				PRODUCT_NAME = "$(TARGET_NAME)";
				SWIFT_EMIT_LOC_STRINGS = YES;
				SWIFT_VERSION = 5.0;
				TARGETED_DEVICE_FAMILY = "1,2";
			};
			name = Release;
		};
		63CDCF4328A285150056268B /* Debug */ = {
			isa = XCBuildConfiguration;
			buildSettings = {
				ALWAYS_EMBED_SWIFT_STANDARD_LIBRARIES = YES;
				BUNDLE_LOADER = "$(TEST_HOST)";
				CODE_SIGN_STYLE = Automatic;
				CURRENT_PROJECT_VERSION = 1;
				GENERATE_INFOPLIST_FILE = YES;
				IPHONEOS_DEPLOYMENT_TARGET = 15.5;
				MARKETING_VERSION = 1.0;
				PRODUCT_BUNDLE_IDENTIFIER = com.scottmcnally.RecipeListTests;
				PRODUCT_NAME = "$(TARGET_NAME)";
				SWIFT_EMIT_LOC_STRINGS = NO;
				SWIFT_VERSION = 5.0;
				TARGETED_DEVICE_FAMILY = "1,2";
				TEST_HOST = "$(BUILT_PRODUCTS_DIR)/RecipeList.app/RecipeList";
			};
			name = Debug;
		};
		63CDCF4428A285150056268B /* Release */ = {
			isa = XCBuildConfiguration;
			buildSettings = {
				ALWAYS_EMBED_SWIFT_STANDARD_LIBRARIES = YES;
				BUNDLE_LOADER = "$(TEST_HOST)";
				CODE_SIGN_STYLE = Automatic;
				CURRENT_PROJECT_VERSION = 1;
				GENERATE_INFOPLIST_FILE = YES;
				IPHONEOS_DEPLOYMENT_TARGET = 15.5;
				MARKETING_VERSION = 1.0;
				PRODUCT_BUNDLE_IDENTIFIER = com.scottmcnally.RecipeListTests;
				PRODUCT_NAME = "$(TARGET_NAME)";
				SWIFT_EMIT_LOC_STRINGS = NO;
				SWIFT_VERSION = 5.0;
				TARGETED_DEVICE_FAMILY = "1,2";
				TEST_HOST = "$(BUILT_PRODUCTS_DIR)/RecipeList.app/RecipeList";
			};
			name = Release;
		};
		63CDCF4628A285150056268B /* Debug */ = {
			isa = XCBuildConfiguration;
			buildSettings = {
				ALWAYS_EMBED_SWIFT_STANDARD_LIBRARIES = YES;
				CODE_SIGN_STYLE = Automatic;
				CURRENT_PROJECT_VERSION = 1;
				GENERATE_INFOPLIST_FILE = YES;
				MARKETING_VERSION = 1.0;
				PRODUCT_BUNDLE_IDENTIFIER = com.scottmcnally.RecipeListUITests;
				PRODUCT_NAME = "$(TARGET_NAME)";
				SWIFT_EMIT_LOC_STRINGS = NO;
				SWIFT_VERSION = 5.0;
				TARGETED_DEVICE_FAMILY = "1,2";
				TEST_TARGET_NAME = RecipeList;
			};
			name = Debug;
		};
		63CDCF4728A285150056268B /* Release */ = {
			isa = XCBuildConfiguration;
			buildSettings = {
				ALWAYS_EMBED_SWIFT_STANDARD_LIBRARIES = YES;
				CODE_SIGN_STYLE = Automatic;
				CURRENT_PROJECT_VERSION = 1;
				GENERATE_INFOPLIST_FILE = YES;
				MARKETING_VERSION = 1.0;
				PRODUCT_BUNDLE_IDENTIFIER = com.scottmcnally.RecipeListUITests;
				PRODUCT_NAME = "$(TARGET_NAME)";
				SWIFT_EMIT_LOC_STRINGS = NO;
				SWIFT_VERSION = 5.0;
				TARGETED_DEVICE_FAMILY = "1,2";
				TEST_TARGET_NAME = RecipeList;
			};
			name = Release;
		};
/* End XCBuildConfiguration section */

/* Begin XCConfigurationList section */
		63CDCF1628A285150056268B /* Build configuration list for PBXProject "RecipeList" */ = {
			isa = XCConfigurationList;
			buildConfigurations = (
				63CDCF3D28A285150056268B /* Debug */,
				63CDCF3E28A285150056268B /* Release */,
			);
			defaultConfigurationIsVisible = 0;
			defaultConfigurationName = Release;
		};
		63CDCF3F28A285150056268B /* Build configuration list for PBXNativeTarget "RecipeList" */ = {
			isa = XCConfigurationList;
			buildConfigurations = (
				63CDCF4028A285150056268B /* Debug */,
				63CDCF4128A285150056268B /* Release */,
			);
			defaultConfigurationIsVisible = 0;
			defaultConfigurationName = Release;
		};
		63CDCF4228A285150056268B /* Build configuration list for PBXNativeTarget "RecipeListTests" */ = {
			isa = XCConfigurationList;
			buildConfigurations = (
				63CDCF4328A285150056268B /* Debug */,
				63CDCF4428A285150056268B /* Release */,
			);
			defaultConfigurationIsVisible = 0;
			defaultConfigurationName = Release;
		};
		63CDCF4528A285150056268B /* Build configuration list for PBXNativeTarget "RecipeListUITests" */ = {
			isa = XCConfigurationList;
			buildConfigurations = (
				63CDCF4628A285150056268B /* Debug */,
				63CDCF4728A285150056268B /* Release */,
			);
			defaultConfigurationIsVisible = 0;
			defaultConfigurationName = Release;
		};
/* End XCConfigurationList section */
	};
	rootObject = 63CDCF1328A285150056268B /* Project object */;
}
